name: bootstrap-lock

on:
  push:
    branches:
      - feat/r1-01-book-orientation

permissions:
  contents: read

jobs:
  generate-lock-and-check:
    runs-on: ubuntu-latest
    steps:
      - uses: actions/checkout@v4
      - uses: actions/setup-node@v4
        with:
          node-version: 22
      - name: Generate npm lockfile
        run: npm install --package-lock-only --ignore-scripts
      - name: Install dependencies
        run: npm ci
      - name: Run bounded verification
        run: npm run verify
      - uses: actions/upload-artifact@v4
        if: always()
        with:
          name: package-lock
          path: package-lock.json
